
Microsoft Visual Studio Solution File, Format Version 12.00
# Visual Studio 2013
VisualStudioVersion = 12.0.21005.1
MinimumVisualStudioVersion = 10.0.40219.1
Project("{FAE04EC0-301F-11D3-BF4B-00C04F79EFBC}") = "predictor", "predictor\predictor.csproj", "{316748BF-E3B3-43A2-B08B-26C078866F52}"
EndProject
Project("{FAE04EC0-301F-11D3-BF4B-00C04F79EFBC}") = "predictorTest", "predictorTest\predictorTest.csproj", "{8D8EEB7B-DE2A-4FBC-97D0-41FC0C295512}"
EndProject
Global
	GlobalSection(SolutionConfigurationPlatforms) = preSolution
		Debug|Any CPU = Debug|Any CPU
		Release|Any CPU = Release|Any CPU
	EndGlobalSection
	GlobalSection(ProjectConfigurationPlatforms) = postSolution
		{316748BF-E3B3-43A2-B08B-26C078866F52}.Debug|Any CPU.ActiveCfg = Debug|Any CPU
		{316748BF-E3B3-43A2-B08B-26C078866F52}.Debug|Any CPU.Build.0 = Debug|Any CPU
		{316748BF-E3B3-43A2-B08B-26C078866F52}.Release|Any CPU.ActiveCfg = Release|Any CPU
		{316748BF-E3B3-43A2-B08B-26C078866F52}.Release|Any CPU.Build.0 = Release|Any CPU
		{8D8EEB7B-DE2A-4FBC-97D0-41FC0C295512}.Debug|Any CPU.ActiveCfg = Debug|Any CPU
		{8D8EEB7B-DE2A-4FBC-97D0-41FC0C295512}.Debug|Any CPU.Build.0 = Debug|Any CPU
		{8D8EEB7B-DE2A-4FBC-97D0-41FC0C295512}.Release|Any CPU.ActiveCfg = Release|Any CPU
		{8D8EEB7B-DE2A-4FBC-97D0-41FC0C295512}.Release|Any CPU.Build.0 = Release|Any CPU
	EndGlobalSection
	GlobalSection(SolutionProperties) = preSolution
		HideSolutionNode = FALSE
	EndGlobalSection
EndGlobal
